# THIS IS AN AUTOGENERATED FILE. DO NOT EDIT THIS FILE DIRECTLY.
# yarn lockfile v1


"@aptos-labs/aptos-client@^2.0.0":
  version "2.1.0"
  resolved "https://registry.yarnpkg.com/@aptos-labs/aptos-client/-/aptos-client-2.1.0.tgz#c0265a655f7b41cd5f858f9f261289a6a8b28327"

"@cspotcode/source-map-support@^0.8.0":
  version "0.8.1"
  resolved "https://registry.npmjs.org/@cspotcode/source-map-support/-/source-map-support-0.8.1.tgz"
  dependencies:
    "@jridgewell/trace-mapping" "0.3.9"

"@jridgewell/resolve-uri@^3.0.3":
  version "3.1.0"
  resolved "https://registry.npmjs.org/@jridgewell/resolve-uri/-/resolve-uri-3.1.0.tgz"

"@jridgewell/sourcemap-codec@^1.4.10":
  version "1.4.14"
  resolved "https://registry.npmjs.org/@jridgewell/sourcemap-codec/-/sourcemap-codec-1.4.14.tgz"

"@jridgewell/trace-mapping@0.3.9":
  version "0.3.9"
  resolved "https://registry.npmjs.org/@jridgewell/trace-mapping/-/trace-mapping-0.3.9.tgz"
  dependencies:
    "@jridgewell/resolve-uri" "^3.0.3"
    "@jridgewell/sourcemap-codec" "^1.4.10"

"@noble/hashes@1.3.3", "@noble/hashes@~1.3.0":
  version "1.3.3"
  resolved "https://registry.yarnpkg.com/@noble/hashes/-/hashes-1.3.3.tgz#39908da56a4adc270147bb07968bf3b16cfe1699"

"@scure/base@~1.1.0":
  version "1.1.1"
  resolved "https://registry.npmjs.org/@scure/base/-/base-1.1.1.tgz"

"@scure/bip39@1.2.1":
  version "1.2.1"
  resolved "https://registry.yarnpkg.com/@scure/bip39/-/bip39-1.2.1.tgz#5cee8978656b272a917b7871c981e0541ad6ac2a"
  dependencies:
    "@noble/hashes" "~1.3.0"
    "@scure/base" "~1.1.0"

"@tsconfig/node10@^1.0.7":
  version "1.0.9"
  resolved "https://registry.npmjs.org/@tsconfig/node10/-/node10-1.0.9.tgz"

"@tsconfig/node12@^1.0.7":
  version "1.0.11"
  resolved "https://registry.npmjs.org/@tsconfig/node12/-/node12-1.0.11.tgz"

"@tsconfig/node14@^1.0.0":
  version "1.0.3"
  resolved "https://registry.npmjs.org/@tsconfig/node14/-/node14-1.0.3.tgz"

"@tsconfig/node16@^1.0.2":
  version "1.0.3"
  resolved "https://registry.npmjs.org/@tsconfig/node16/-/node16-1.0.3.tgz"

"@types/node@^18.7.13":
  version "18.7.13"
  resolved "https://registry.npmjs.org/@types/node/-/node-18.7.13.tgz"

acorn-walk@^8.1.1:
  version "8.2.0"
  resolved "https://registry.npmjs.org/acorn-walk/-/acorn-walk-8.2.0.tgz"

acorn@^8.4.1:
  version "8.8.0"
  resolved "https://registry.npmjs.org/acorn/-/acorn-8.8.0.tgz"

aptos@^1.22.1:
  version "1.22.1"
  resolved "https://registry.yarnpkg.com/aptos/-/aptos-1.22.1.tgz#df284b4b87bc4482928d9c65f556d20c1af680ee"
  dependencies:
    "@aptos-labs/aptos-client" "^2.0.0"
    "@noble/hashes" "1.3.3"
    "@scure/bip39" "1.2.1"
    eventemitter3 "^5.0.1"
    tweetnacl "1.0.3"

arg@^4.1.0:
  version "4.1.3"
  resolved "https://registry.npmjs.org/arg/-/arg-4.1.3.tgz"

create-require@^1.1.0:
  version "1.1.1"
  resolved "https://registry.npmjs.org/create-require/-/create-require-1.1.1.tgz"

diff@^4.0.1:
  version "4.0.2"
  resolved "https://registry.npmjs.org/diff/-/diff-4.0.2.tgz"

eventemitter3@^5.0.1:
  version "5.0.1"
  resolved "https://registry.yarnpkg.com/eventemitter3/-/eventemitter3-5.0.1.tgz#53f5ffd0a492ac800721bb42c66b841de96423c4"

make-error@^1.1.1:
  version "1.3.6"
  resolved "https://registry.npmjs.org/make-error/-/make-error-1.3.6.tgz"

nvm@^0.0.4:
  version "0.0.4"
  resolved "https://registry.npmjs.org/nvm/-/nvm-0.0.4.tgz"

ts-node@^10.9.1:
  version "10.9.1"
  resolved "https://registry.npmjs.org/ts-node/-/ts-node-10.9.1.tgz"
  dependencies:
    "@cspotcode/source-map-support" "^0.8.0"
    "@tsconfig/node10" "^1.0.7"
    "@tsconfig/node12" "^1.0.7"
    "@tsconfig/node14" "^1.0.0"
    "@tsconfig/node16" "^1.0.2"
    acorn "^8.4.1"
    acorn-walk "^8.1.1"
    arg "^4.1.0"
    create-require "^1.1.0"
    diff "^4.0.1"
    make-error "^1.1.1"
    v8-compile-cache-lib "^3.0.1"
    yn "3.1.1"

tweetnacl@1.0.3:
  version "1.0.3"
  resolved "https://registry.npmjs.org/tweetnacl/-/tweetnacl-1.0.3.tgz"

typescript@^4.7.4:
  version "4.7.4"
  resolved "https://registry.npmjs.org/typescript/-/typescript-4.7.4.tgz"

v8-compile-cache-lib@^3.0.1:
  version "3.0.1"
  resolved "https://registry.npmjs.org/v8-compile-cache-lib/-/v8-compile-cache-lib-3.0.1.tgz"

yn@3.1.1:
  version "3.1.1"
  resolved "https://registry.npmjs.org/yn/-/yn-3.1.1.tgz"
